// !$*UTF8*$!
{
	archiveVersion = 1;
	classes = {
	};
	objectVersion = 46;
	objects = {

/* Begin PBXBuildFile section */
		DD11F4B41B89830F008B14B3 /* Photo.swift in Sources */ = {isa = PBXBuildFile; fileRef = DD11F4B31B89830F008B14B3 /* Photo.swift */; };
		DD2118A51B884E4E0030745C /* ExifToolWrapper.swift in Sources */ = {isa = PBXBuildFile; fileRef = DD2118A41B884E4E0030745C /* ExifToolWrapper.swift */; };
		DD67B6AD1BB13D2000E64585 /* lib in Resources */ = {isa = PBXBuildFile; fileRef = DD67B6AC1BB13D2000E64585 /* lib */; };
		DD67B6B11BB13E6200E64585 /* exiftool in Resources */ = {isa = PBXBuildFile; fileRef = DD67B6B01BB13E6200E64585 /* exiftool */; };
		DD80CDD3252036A400A2C23A /* PhotoViewController.swift in Sources */ = {isa = PBXBuildFile; fileRef = DD80CDD2252036A400A2C23A /* PhotoViewController.swift */; };
		DD9099051BCA09EE00F4F8F8 /* File.swift in Sources */ = {isa = PBXBuildFile; fileRef = DD9099041BCA09EE00F4F8F8 /* File.swift */; };
		DD9099091BCA1C4E00F4F8F8 /* PhotoManager.swift in Sources */ = {isa = PBXBuildFile; fileRef = DD9099081BCA1C4E00F4F8F8 /* PhotoManager.swift */; };
		DD90990D1BCB412900F4F8F8 /* FileHandler.swift in Sources */ = {isa = PBXBuildFile; fileRef = DD90990C1BCB412900F4F8F8 /* FileHandler.swift */; };
		DD9099141BCBA0DC00F4F8F8 /* MetaWriter.swift in Sources */ = {isa = PBXBuildFile; fileRef = DD9099131BCBA0DC00F4F8F8 /* MetaWriter.swift */; };
		DD90991D1BCBAD0000F4F8F8 /* Localizable.strings in Resources */ = {isa = PBXBuildFile; fileRef = DD90991F1BCBAD0000F4F8F8 /* Localizable.strings */; };
		DD9099221BCBAD0100F4F8F8 /* InfoPlist.strings in Resources */ = {isa = PBXBuildFile; fileRef = DD9099241BCBAD0100F4F8F8 /* InfoPlist.strings */; };
		DDAA67971BD2259500E39CA7 /* icon.pxm in Resources */ = {isa = PBXBuildFile; fileRef = DDAA67961BD2259500E39CA7 /* icon.pxm */; };
		DDAD5B611BB7E3AF00728C57 /* PathsController.swift in Sources */ = {isa = PBXBuildFile; fileRef = DDAD5B601BB7E3AF00728C57 /* PathsController.swift */; };
		DDBA7A091B83E8B500CB49A3 /* AppDelegate.swift in Sources */ = {isa = PBXBuildFile; fileRef = DDBA7A081B83E8B500CB49A3 /* AppDelegate.swift */; };
		DDBA7A0B1B83E8B500CB49A3 /* ViewController.swift in Sources */ = {isa = PBXBuildFile; fileRef = DDBA7A0A1B83E8B500CB49A3 /* ViewController.swift */; };
		DDBA7A0D1B83E8B500CB49A3 /* Images.xcassets in Resources */ = {isa = PBXBuildFile; fileRef = DDBA7A0C1B83E8B500CB49A3 /* Images.xcassets */; };
		DDBA7A101B83E8B500CB49A3 /* Main.storyboard in Resources */ = {isa = PBXBuildFile; fileRef = DDBA7A0E1B83E8B500CB49A3 /* Main.storyboard */; };
		DDF7324B1B89B5BF002BE282 /* Tag.swift in Sources */ = {isa = PBXBuildFile; fileRef = DDF7324A1B89B5BF002BE282 /* Tag.swift */; };
/* End PBXBuildFile section */

/* Begin PBXContainerItemProxy section */
		DDB11404251F1D3500BB4A64 /* PBXContainerItemProxy */ = {
			isa = PBXContainerItemProxy;
			containerPortal = DDBA79FB1B83E8B500CB49A3 /* Project object */;
			proxyType = 1;
			remoteGlobalIDString = DDBA7A021B83E8B500CB49A3;
			remoteInfo = PhotoMeta;
		};
/* End PBXContainerItemProxy section */

/* Begin PBXFileReference section */
		DD11F4B31B89830F008B14B3 /* Photo.swift */ = {isa = PBXFileReference; fileEncoding = 4; lastKnownFileType = sourcecode.swift; path = Photo.swift; sourceTree = "<group>"; };
		DD2118A41B884E4E0030745C /* ExifToolWrapper.swift */ = {isa = PBXFileReference; fileEncoding = 4; lastKnownFileType = sourcecode.swift; path = ExifToolWrapper.swift; sourceTree = "<group>"; };
		DD67B6AC1BB13D2000E64585 /* lib */ = {isa = PBXFileReference; lastKnownFileType = folder; path = lib; sourceTree = "<group>"; };
		DD67B6B01BB13E6200E64585 /* exiftool */ = {isa = PBXFileReference; fileEncoding = 4; lastKnownFileType = text.script.perl; path = exiftool; sourceTree = "<group>"; };
		DD80CDD2252036A400A2C23A /* PhotoViewController.swift */ = {isa = PBXFileReference; lastKnownFileType = sourcecode.swift; path = PhotoViewController.swift; sourceTree = "<group>"; };
		DD9099041BCA09EE00F4F8F8 /* File.swift */ = {isa = PBXFileReference; fileEncoding = 4; lastKnownFileType = sourcecode.swift; path = File.swift; sourceTree = "<group>"; };
		DD9099081BCA1C4E00F4F8F8 /* PhotoManager.swift */ = {isa = PBXFileReference; fileEncoding = 4; lastKnownFileType = sourcecode.swift; path = PhotoManager.swift; sourceTree = "<group>"; };
		DD90990C1BCB412900F4F8F8 /* FileHandler.swift */ = {isa = PBXFileReference; fileEncoding = 4; lastKnownFileType = sourcecode.swift; path = FileHandler.swift; sourceTree = "<group>"; };
		DD9099131BCBA0DC00F4F8F8 /* MetaWriter.swift */ = {isa = PBXFileReference; fileEncoding = 4; lastKnownFileType = sourcecode.swift; path = MetaWriter.swift; sourceTree = "<group>"; };
		DD9099151BCBA7B200F4F8F8 /* sv */ = {isa = PBXFileReference; lastKnownFileType = text.plist.strings; name = sv; path = sv.lproj/Main.strings; sourceTree = "<group>"; };
		DD90991E1BCBAD0000F4F8F8 /* sv */ = {isa = PBXFileReference; lastKnownFileType = text.plist.strings; name = sv; path = sv.lproj/Localizable.strings; sourceTree = "<group>"; };
		DD9099231BCBAD0100F4F8F8 /* sv */ = {isa = PBXFileReference; lastKnownFileType = text.plist.strings; name = sv; path = sv.lproj/InfoPlist.strings; sourceTree = "<group>"; };
		DDAA67961BD2259500E39CA7 /* icon.pxm */ = {isa = PBXFileReference; lastKnownFileType = file; path = icon.pxm; sourceTree = "<group>"; };
		DDAD5B601BB7E3AF00728C57 /* PathsController.swift */ = {isa = PBXFileReference; fileEncoding = 4; lastKnownFileType = sourcecode.swift; path = PathsController.swift; sourceTree = "<group>"; };
		DDB113FF251F1D3500BB4A64 /* PhotoMetaTests.xctest */ = {isa = PBXFileReference; explicitFileType = wrapper.cfbundle; includeInIndex = 0; path = PhotoMetaTests.xctest; sourceTree = BUILT_PRODUCTS_DIR; };
		DDB11403251F1D3500BB4A64 /* Info.plist */ = {isa = PBXFileReference; lastKnownFileType = text.plist.xml; path = Info.plist; sourceTree = "<group>"; };
		DDBA7A031B83E8B500CB49A3 /* PhotoMeta.app */ = {isa = PBXFileReference; explicitFileType = wrapper.application; includeInIndex = 0; path = PhotoMeta.app; sourceTree = BUILT_PRODUCTS_DIR; };
		DDBA7A071B83E8B500CB49A3 /* Info.plist */ = {isa = PBXFileReference; lastKnownFileType = text.plist.xml; path = Info.plist; sourceTree = "<group>"; };
		DDBA7A081B83E8B500CB49A3 /* AppDelegate.swift */ = {isa = PBXFileReference; lastKnownFileType = sourcecode.swift; path = AppDelegate.swift; sourceTree = "<group>"; };
		DDBA7A0A1B83E8B500CB49A3 /* ViewController.swift */ = {isa = PBXFileReference; lastKnownFileType = sourcecode.swift; path = ViewController.swift; sourceTree = "<group>"; };
		DDBA7A0C1B83E8B500CB49A3 /* Images.xcassets */ = {isa = PBXFileReference; lastKnownFileType = folder.assetcatalog; path = Images.xcassets; sourceTree = "<group>"; };
		DDBA7A0F1B83E8B500CB49A3 /* Base */ = {isa = PBXFileReference; lastKnownFileType = file.storyboard; name = Base; path = Base.lproj/Main.storyboard; sourceTree = "<group>"; };
		DDBA7A1B1B83E8B500CB49A3 /* PhotoMetaTests.swift */ = {isa = PBXFileReference; lastKnownFileType = sourcecode.swift; path = PhotoMetaTests.swift; sourceTree = "<group>"; };
		DDF7324A1B89B5BF002BE282 /* Tag.swift */ = {isa = PBXFileReference; fileEncoding = 4; lastKnownFileType = sourcecode.swift; path = Tag.swift; sourceTree = "<group>"; };
/* End PBXFileReference section */

/* Begin PBXFrameworksBuildPhase section */
		DDB113FC251F1D3500BB4A64 /* Frameworks */ = {
			isa = PBXFrameworksBuildPhase;
			buildActionMask = 2147483647;
			files = (
			);
			runOnlyForDeploymentPostprocessing = 0;
		};
		DDBA7A001B83E8B500CB49A3 /* Frameworks */ = {
			isa = PBXFrameworksBuildPhase;
			buildActionMask = 2147483647;
			files = (
			);
			runOnlyForDeploymentPostprocessing = 0;
		};
/* End PBXFrameworksBuildPhase section */

/* Begin PBXGroup section */
		DD11F4B21B89829B008B14B3 /* Library */ = {
			isa = PBXGroup;
			children = (
				DD9099101BCB610200F4F8F8 /* File */,
				DD90990F1BCB60AF00F4F8F8 /* MetaWriters */,
				DD90990E1BCB60A000F4F8F8 /* Photo */,
				DD9099111BCB610E00F4F8F8 /* Tag */,
			);
			name = Library;
			sourceTree = "<group>";
		};
		DD67B6AA1BB13CC000E64585 /* Resources */ = {
			isa = PBXGroup;
			children = (
				DDAA67961BD2259500E39CA7 /* icon.pxm */,
				DD67B6AB1BB13CFE00E64585 /* ExifTool */,
			);
			name = Resources;
			path = ..;
			sourceTree = "<group>";
		};
		DD67B6AB1BB13CFE00E64585 /* ExifTool */ = {
			isa = PBXGroup;
			children = (
				DD67B6AC1BB13D2000E64585 /* lib */,
				DD67B6B01BB13E6200E64585 /* exiftool */,
			);
			name = ExifTool;
			sourceTree = "<group>";
		};
		DD90990E1BCB60A000F4F8F8 /* Photo */ = {
			isa = PBXGroup;
			children = (
				DD11F4B31B89830F008B14B3 /* Photo.swift */,
				DD9099081BCA1C4E00F4F8F8 /* PhotoManager.swift */,
			);
			name = Photo;
			sourceTree = "<group>";
		};
		DD90990F1BCB60AF00F4F8F8 /* MetaWriters */ = {
			isa = PBXGroup;
			children = (
				DD2118A41B884E4E0030745C /* ExifToolWrapper.swift */,
				DD9099131BCBA0DC00F4F8F8 /* MetaWriter.swift */,
			);
			name = MetaWriters;
			sourceTree = "<group>";
		};
		DD9099101BCB610200F4F8F8 /* File */ = {
			isa = PBXGroup;
			children = (
				DD9099041BCA09EE00F4F8F8 /* File.swift */,
				DD90990C1BCB412900F4F8F8 /* FileHandler.swift */,
			);
			name = File;
			sourceTree = "<group>";
		};
		DD9099111BCB610E00F4F8F8 /* Tag */ = {
			isa = PBXGroup;
			children = (
				DDF7324A1B89B5BF002BE282 /* Tag.swift */,
			);
			name = Tag;
			sourceTree = "<group>";
		};
		DD9099121BCB61D000F4F8F8 /* Controllers */ = {
			isa = PBXGroup;
			children = (
				DDBA7A0A1B83E8B500CB49A3 /* ViewController.swift */,
				DDAD5B601BB7E3AF00728C57 /* PathsController.swift */,
				DD80CDD2252036A400A2C23A /* PhotoViewController.swift */,
			);
			name = Controllers;
			sourceTree = "<group>";
		};
		DDB11400251F1D3500BB4A64 /* PhotoMetaTests */ = {
			isa = PBXGroup;
			children = (
			);
			path = PhotoMetaTests;
			sourceTree = "<group>";
		};
		DDBA79FA1B83E8B500CB49A3 = {
			isa = PBXGroup;
			children = (
				DDBA7A051B83E8B500CB49A3 /* PhotoMeta */,
				DDBA7A181B83E8B500CB49A3 /* PhotoMetaTests */,
				DDB11400251F1D3500BB4A64 /* PhotoMetaTests */,
				DDBA7A041B83E8B500CB49A3 /* Products */,
			);
			sourceTree = "<group>";
		};
		DDBA7A041B83E8B500CB49A3 /* Products */ = {
			isa = PBXGroup;
			children = (
				DDBA7A031B83E8B500CB49A3 /* PhotoMeta.app */,
				DDB113FF251F1D3500BB4A64 /* PhotoMetaTests.xctest */,
			);
			name = Products;
			sourceTree = "<group>";
		};
		DDBA7A051B83E8B500CB49A3 /* PhotoMeta */ = {
			isa = PBXGroup;
			children = (
				DDBA7A081B83E8B500CB49A3 /* AppDelegate.swift */,
				DD9099121BCB61D000F4F8F8 /* Controllers */,
				DDBA7A0C1B83E8B500CB49A3 /* Images.xcassets */,
				DDBA7A0E1B83E8B500CB49A3 /* Main.storyboard */,
				DD11F4B21B89829B008B14B3 /* Library */,
				DDBA7A061B83E8B500CB49A3 /* Supporting Files */,
				DD67B6AA1BB13CC000E64585 /* Resources */,
			);
			path = PhotoMeta;
			sourceTree = "<group>";
		};
		DDBA7A061B83E8B500CB49A3 /* Supporting Files */ = {
			isa = PBXGroup;
			children = (
				DD9099241BCBAD0100F4F8F8 /* InfoPlist.strings */,
				DD90991F1BCBAD0000F4F8F8 /* Localizable.strings */,
				DDBA7A071B83E8B500CB49A3 /* Info.plist */,
			);
			name = "Supporting Files";
			sourceTree = "<group>";
		};
		DDBA7A181B83E8B500CB49A3 /* PhotoMetaTests */ = {
			isa = PBXGroup;
			children = (
				DDBA7A1B1B83E8B500CB49A3 /* PhotoMetaTests.swift */,
				DDB11403251F1D3500BB4A64 /* Info.plist */,
			);
			path = PhotoMetaTests;
			sourceTree = "<group>";
		};
/* End PBXGroup section */

/* Begin PBXNativeTarget section */
		DDB113FE251F1D3500BB4A64 /* PhotoMetaTests */ = {
			isa = PBXNativeTarget;
			buildConfigurationList = DDB11406251F1D3500BB4A64 /* Build configuration list for PBXNativeTarget "PhotoMetaTests" */;
			buildPhases = (
				DDB113FB251F1D3500BB4A64 /* Sources */,
				DDB113FC251F1D3500BB4A64 /* Frameworks */,
				DDB113FD251F1D3500BB4A64 /* Resources */,
			);
			buildRules = (
			);
			dependencies = (
				DDB11405251F1D3500BB4A64 /* PBXTargetDependency */,
			);
			name = PhotoMetaTests;
			productName = PhotoMetaTests;
			productReference = DDB113FF251F1D3500BB4A64 /* PhotoMetaTests.xctest */;
			productType = "com.apple.product-type.bundle.unit-test";
		};
		DDBA7A021B83E8B500CB49A3 /* PhotoMeta */ = {
			isa = PBXNativeTarget;
			buildConfigurationList = DDBA7A1F1B83E8B500CB49A3 /* Build configuration list for PBXNativeTarget "PhotoMeta" */;
			buildPhases = (
				DDBA79FF1B83E8B500CB49A3 /* Sources */,
				DDBA7A001B83E8B500CB49A3 /* Frameworks */,
				DDBA7A011B83E8B500CB49A3 /* Resources */,
			);
			buildRules = (
			);
			dependencies = (
			);
			name = PhotoMeta;
			productName = "Photo Meta";
			productReference = DDBA7A031B83E8B500CB49A3 /* PhotoMeta.app */;
			productType = "com.apple.product-type.application";
		};
/* End PBXNativeTarget section */

/* Begin PBXProject section */
		DDBA79FB1B83E8B500CB49A3 /* Project object */ = {
			isa = PBXProject;
			attributes = {
				LastSwiftMigration = 0700;
				LastSwiftUpdateCheck = 1200;
				LastUpgradeCheck = 1200;
				ORGANIZATIONNAME = "Jonas Rydenhag";
				TargetAttributes = {
					DDB113FE251F1D3500BB4A64 = {
						CreatedOnToolsVersion = 12.0.1;
						ProvisioningStyle = Automatic;
						TestTargetID = DDBA7A021B83E8B500CB49A3;
					};
					DDBA7A021B83E8B500CB49A3 = {
						CreatedOnToolsVersion = 6.1.1;
						LastSwiftMigration = 1200;
					};
				};
			};
			buildConfigurationList = DDBA79FE1B83E8B500CB49A3 /* Build configuration list for PBXProject "PhotoMeta" */;
			compatibilityVersion = "Xcode 3.2";
			developmentRegion = en;
			hasScannedForEncodings = 0;
			knownRegions = (
				en,
				Base,
				sv,
			);
			mainGroup = DDBA79FA1B83E8B500CB49A3;
			productRefGroup = DDBA7A041B83E8B500CB49A3 /* Products */;
			projectDirPath = "";
			projectRoot = "";
			targets = (
				DDBA7A021B83E8B500CB49A3 /* PhotoMeta */,
				DDB113FE251F1D3500BB4A64 /* PhotoMetaTests */,
			);
		};
/* End PBXProject section */

/* Begin PBXResourcesBuildPhase section */
		DDB113FD251F1D3500BB4A64 /* Resources */ = {
			isa = PBXResourcesBuildPhase;
			buildActionMask = 2147483647;
			files = (
			);
			runOnlyForDeploymentPostprocessing = 0;
		};
		DDBA7A011B83E8B500CB49A3 /* Resources */ = {
			isa = PBXResourcesBuildPhase;
			buildActionMask = 2147483647;
			files = (
				DD90991D1BCBAD0000F4F8F8 /* Localizable.strings in Resources */,
				DDAA67971BD2259500E39CA7 /* icon.pxm in Resources */,
				DD9099221BCBAD0100F4F8F8 /* InfoPlist.strings in Resources */,
				DD67B6B11BB13E6200E64585 /* exiftool in Resources */,
				DD67B6AD1BB13D2000E64585 /* lib in Resources */,
				DDBA7A0D1B83E8B500CB49A3 /* Images.xcassets in Resources */,
				DDBA7A101B83E8B500CB49A3 /* Main.storyboard in Resources */,
			);
			runOnlyForDeploymentPostprocessing = 0;
		};
/* End PBXResourcesBuildPhase section */

/* Begin PBXSourcesBuildPhase section */
		DDB113FB251F1D3500BB4A64 /* Sources */ = {
			isa = PBXSourcesBuildPhase;
			buildActionMask = 2147483647;
			files = (
			);
			runOnlyForDeploymentPostprocessing = 0;
		};
		DDBA79FF1B83E8B500CB49A3 /* Sources */ = {
			isa = PBXSourcesBuildPhase;
			buildActionMask = 2147483647;
			files = (
				DD2118A51B884E4E0030745C /* ExifToolWrapper.swift in Sources */,
				DD11F4B41B89830F008B14B3 /* Photo.swift in Sources */,
				DD9099091BCA1C4E00F4F8F8 /* PhotoManager.swift in Sources */,
				DD9099141BCBA0DC00F4F8F8 /* MetaWriter.swift in Sources */,
				DD9099051BCA09EE00F4F8F8 /* File.swift in Sources */,
				DDAD5B611BB7E3AF00728C57 /* PathsController.swift in Sources */,
				DDF7324B1B89B5BF002BE282 /* Tag.swift in Sources */,
				DD90990D1BCB412900F4F8F8 /* FileHandler.swift in Sources */,
				DD80CDD3252036A400A2C23A /* PhotoViewController.swift in Sources */,
				DDBA7A0B1B83E8B500CB49A3 /* ViewController.swift in Sources */,
				DDBA7A091B83E8B500CB49A3 /* AppDelegate.swift in Sources */,
			);
			runOnlyForDeploymentPostprocessing = 0;
		};
/* End PBXSourcesBuildPhase section */

/* Begin PBXTargetDependency section */
		DDB11405251F1D3500BB4A64 /* PBXTargetDependency */ = {
			isa = PBXTargetDependency;
			target = DDBA7A021B83E8B500CB49A3 /* PhotoMeta */;
			targetProxy = DDB11404251F1D3500BB4A64 /* PBXContainerItemProxy */;
		};
/* End PBXTargetDependency section */

/* Begin PBXVariantGroup section */
		DD90991F1BCBAD0000F4F8F8 /* Localizable.strings */ = {
			isa = PBXVariantGroup;
			children = (
				DD90991E1BCBAD0000F4F8F8 /* sv */,
			);
			name = Localizable.strings;
			sourceTree = "<group>";
		};
		DD9099241BCBAD0100F4F8F8 /* InfoPlist.strings */ = {
			isa = PBXVariantGroup;
			children = (
				DD9099231BCBAD0100F4F8F8 /* sv */,
			);
			name = InfoPlist.strings;
			sourceTree = "<group>";
		};
		DDBA7A0E1B83E8B500CB49A3 /* Main.storyboard */ = {
			isa = PBXVariantGroup;
			children = (
				DDBA7A0F1B83E8B500CB49A3 /* Base */,
				DD9099151BCBA7B200F4F8F8 /* sv */,
			);
			name = Main.storyboard;
			sourceTree = "<group>";
		};
/* End PBXVariantGroup section */

/* Begin XCBuildConfiguration section */
		DDB11407251F1D3500BB4A64 /* Debug */ = {
			isa = XCBuildConfiguration;
			buildSettings = {
				BUNDLE_LOADER = "$(TEST_HOST)";
				CLANG_ANALYZER_NONNULL = YES;
				CLANG_ANALYZER_NUMBER_OBJECT_CONVERSION = YES_AGGRESSIVE;
				CLANG_CXX_LANGUAGE_STANDARD = "gnu++14";
				CLANG_ENABLE_OBJC_WEAK = YES;
				CLANG_WARN_DOCUMENTATION_COMMENTS = YES;
				CLANG_WARN_UNGUARDED_AVAILABILITY = YES_AGGRESSIVE;
				CODE_SIGN_STYLE = Automatic;
				COMBINE_HIDPI_IMAGES = YES;
				DEBUG_INFORMATION_FORMAT = dwarf;
				GCC_C_LANGUAGE_STANDARD = gnu11;
				INFOPLIST_FILE = PhotoMetaTests/Info.plist;
				LD_RUNPATH_SEARCH_PATHS = "$(inherited) @executable_path/../Frameworks @loader_path/../Frameworks";
				MACOSX_DEPLOYMENT_TARGET = 10.15;
				MTL_ENABLE_DEBUG_INFO = INCLUDE_SOURCE;
				MTL_FAST_MATH = YES;
				PRODUCT_BUNDLE_IDENTIFIER = "Jonas-Rydenhag.PhotoMetaTests";
				PRODUCT_NAME = "$(TARGET_NAME)";
				SWIFT_ACTIVE_COMPILATION_CONDITIONS = DEBUG;
				SWIFT_VERSION = 5.0;
				TEST_HOST = "$(BUILT_PRODUCTS_DIR)/PhotoMeta.app/Contents/MacOS/PhotoMeta";
			};
			name = Debug;
		};
		DDB11408251F1D3500BB4A64 /* Release */ = {
			isa = XCBuildConfiguration;
			buildSettings = {
				BUNDLE_LOADER = "$(TEST_HOST)";
				CLANG_ANALYZER_NONNULL = YES;
				CLANG_ANALYZER_NUMBER_OBJECT_CONVERSION = YES_AGGRESSIVE;
				CLANG_CXX_LANGUAGE_STANDARD = "gnu++14";
				CLANG_ENABLE_OBJC_WEAK = YES;
				CLANG_WARN_DOCUMENTATION_COMMENTS = YES;
				CLANG_WARN_UNGUARDED_AVAILABILITY = YES_AGGRESSIVE;
				CODE_SIGN_STYLE = Automatic;
				COMBINE_HIDPI_IMAGES = YES;
				COPY_PHASE_STRIP = NO;
				GCC_C_LANGUAGE_STANDARD = gnu11;
				INFOPLIST_FILE = PhotoMetaTests/Info.plist;
				LD_RUNPATH_SEARCH_PATHS = "$(inherited) @executable_path/../Frameworks @loader_path/../Frameworks";
				MACOSX_DEPLOYMENT_TARGET = 10.15;
				MTL_FAST_MATH = YES;
				PRODUCT_BUNDLE_IDENTIFIER = "Jonas-Rydenhag.PhotoMetaTests";
				PRODUCT_NAME = "$(TARGET_NAME)";
				SWIFT_OPTIMIZATION_LEVEL = "-O";
				SWIFT_VERSION = 5.0;
				TEST_HOST = "$(BUILT_PRODUCTS_DIR)/PhotoMeta.app/Contents/MacOS/PhotoMeta";
			};
			name = Release;
		};
		DDBA7A1D1B83E8B500CB49A3 /* Debug */ = {
			isa = XCBuildConfiguration;
			buildSettings = {
				ALWAYS_SEARCH_USER_PATHS = NO;
				CLANG_ANALYZER_LOCALIZABILITY_NONLOCALIZED = YES;
				CLANG_CXX_LANGUAGE_STANDARD = "gnu++0x";
				CLANG_CXX_LIBRARY = "libc++";
				CLANG_ENABLE_MODULES = YES;
				CLANG_ENABLE_OBJC_ARC = YES;
				CLANG_WARN_BLOCK_CAPTURE_AUTORELEASING = YES;
				CLANG_WARN_BOOL_CONVERSION = YES;
				CLANG_WARN_COMMA = YES;
				CLANG_WARN_CONSTANT_CONVERSION = YES;
				CLANG_WARN_DEPRECATED_OBJC_IMPLEMENTATIONS = YES;
				CLANG_WARN_DIRECT_OBJC_ISA_USAGE = YES_ERROR;
				CLANG_WARN_EMPTY_BODY = YES;
				CLANG_WARN_ENUM_CONVERSION = YES;
				CLANG_WARN_INFINITE_RECURSION = YES;
				CLANG_WARN_INT_CONVERSION = YES;
				CLANG_WARN_NON_LITERAL_NULL_CONVERSION = YES;
				CLANG_WARN_OBJC_IMPLICIT_RETAIN_SELF = YES;
				CLANG_WARN_OBJC_LITERAL_CONVERSION = YES;
				CLANG_WARN_OBJC_ROOT_CLASS = YES_ERROR;
				CLANG_WARN_QUOTED_INCLUDE_IN_FRAMEWORK_HEADER = YES;
				CLANG_WARN_RANGE_LOOP_ANALYSIS = YES;
				CLANG_WARN_STRICT_PROTOTYPES = YES;
				CLANG_WARN_SUSPICIOUS_MOVE = YES;
				CLANG_WARN_UNREACHABLE_CODE = YES;
				CLANG_WARN__DUPLICATE_METHOD_MATCH = YES;
				CODE_SIGN_IDENTITY = "-";
				COPY_PHASE_STRIP = NO;
				ENABLE_STRICT_OBJC_MSGSEND = YES;
				ENABLE_TESTABILITY = YES;
				GCC_C_LANGUAGE_STANDARD = gnu99;
				GCC_DYNAMIC_NO_PIC = NO;
				GCC_NO_COMMON_BLOCKS = YES;
				GCC_OPTIMIZATION_LEVEL = 0;
				GCC_PREPROCESSOR_DEFINITIONS = (
					"DEBUG=1",
					"$(inherited)",
				);
				GCC_SYMBOLS_PRIVATE_EXTERN = NO;
				GCC_WARN_64_TO_32_BIT_CONVERSION = YES;
				GCC_WARN_ABOUT_RETURN_TYPE = YES_ERROR;
				GCC_WARN_UNDECLARED_SELECTOR = YES;
				GCC_WARN_UNINITIALIZED_AUTOS = YES_AGGRESSIVE;
				GCC_WARN_UNUSED_FUNCTION = YES;
				GCC_WARN_UNUSED_VARIABLE = YES;
				MACOSX_DEPLOYMENT_TARGET = 10.14;
				MTL_ENABLE_DEBUG_INFO = YES;
				ONLY_ACTIVE_ARCH = YES;
				SDKROOT = macosx;
				SWIFT_OPTIMIZATION_LEVEL = "-Onone";
				SWIFT_VERSION = 5.0;
			};
			name = Debug;
		};
		DDBA7A1E1B83E8B500CB49A3 /* Release */ = {
			isa = XCBuildConfiguration;
			buildSettings = {
				ALWAYS_SEARCH_USER_PATHS = NO;
				CLANG_ANALYZER_LOCALIZABILITY_NONLOCALIZED = YES;
				CLANG_CXX_LANGUAGE_STANDARD = "gnu++0x";
				CLANG_CXX_LIBRARY = "libc++";
				CLANG_ENABLE_MODULES = YES;
				CLANG_ENABLE_OBJC_ARC = YES;
				CLANG_WARN_BLOCK_CAPTURE_AUTORELEASING = YES;
				CLANG_WARN_BOOL_CONVERSION = YES;
				CLANG_WARN_COMMA = YES;
				CLANG_WARN_CONSTANT_CONVERSION = YES;
				CLANG_WARN_DEPRECATED_OBJC_IMPLEMENTATIONS = YES;
				CLANG_WARN_DIRECT_OBJC_ISA_USAGE = YES_ERROR;
				CLANG_WARN_EMPTY_BODY = YES;
				CLANG_WARN_ENUM_CONVERSION = YES;
				CLANG_WARN_INFINITE_RECURSION = YES;
				CLANG_WARN_INT_CONVERSION = YES;
				CLANG_WARN_NON_LITERAL_NULL_CONVERSION = YES;
				CLANG_WARN_OBJC_IMPLICIT_RETAIN_SELF = YES;
				CLANG_WARN_OBJC_LITERAL_CONVERSION = YES;
				CLANG_WARN_OBJC_ROOT_CLASS = YES_ERROR;
				CLANG_WARN_QUOTED_INCLUDE_IN_FRAMEWORK_HEADER = YES;
				CLANG_WARN_RANGE_LOOP_ANALYSIS = YES;
				CLANG_WARN_STRICT_PROTOTYPES = YES;
				CLANG_WARN_SUSPICIOUS_MOVE = YES;
				CLANG_WARN_UNREACHABLE_CODE = YES;
				CLANG_WARN__DUPLICATE_METHOD_MATCH = YES;
				CODE_SIGN_IDENTITY = "-";
				COPY_PHASE_STRIP = YES;
				DEBUG_INFORMATION_FORMAT = "dwarf-with-dsym";
				ENABLE_NS_ASSERTIONS = NO;
				ENABLE_STRICT_OBJC_MSGSEND = YES;
				GCC_C_LANGUAGE_STANDARD = gnu99;
				GCC_NO_COMMON_BLOCKS = YES;
				GCC_WARN_64_TO_32_BIT_CONVERSION = YES;
				GCC_WARN_ABOUT_RETURN_TYPE = YES_ERROR;
				GCC_WARN_UNDECLARED_SELECTOR = YES;
				GCC_WARN_UNINITIALIZED_AUTOS = YES_AGGRESSIVE;
				GCC_WARN_UNUSED_FUNCTION = YES;
				GCC_WARN_UNUSED_VARIABLE = YES;
				MACOSX_DEPLOYMENT_TARGET = 10.14;
				MTL_ENABLE_DEBUG_INFO = NO;
				SDKROOT = macosx;
				SWIFT_COMPILATION_MODE = wholemodule;
				SWIFT_VERSION = 5.0;
			};
			name = Release;
		};
		DDBA7A201B83E8B500CB49A3 /* Debug */ = {
			isa = XCBuildConfiguration;
			buildSettings = {
				ASSETCATALOG_COMPILER_APPICON_NAME = AppIcon;
				CODE_SIGN_IDENTITY = "-";
				COMBINE_HIDPI_IMAGES = YES;
				INFOPLIST_FILE = PhotoMeta/Info.plist;
				LD_RUNPATH_SEARCH_PATHS = "$(inherited) @executable_path/../Frameworks";
				PRODUCT_BUNDLE_IDENTIFIER = "Jonas-Rydenhag.$(PRODUCT_NAME:rfc1034identifier)";
				PRODUCT_NAME = "$(TARGET_NAME)";
				SWIFT_SWIFT3_OBJC_INFERENCE = Default;
				SWIFT_VERSION = 5.0;
			};
			name = Debug;
		};
		DDBA7A211B83E8B500CB49A3 /* Release */ = {
			isa = XCBuildConfiguration;
			buildSettings = {
				ASSETCATALOG_COMPILER_APPICON_NAME = AppIcon;
				CODE_SIGN_IDENTITY = "-";
				COMBINE_HIDPI_IMAGES = YES;
				INFOPLIST_FILE = PhotoMeta/Info.plist;
				LD_RUNPATH_SEARCH_PATHS = "$(inherited) @executable_path/../Frameworks";
				PRODUCT_BUNDLE_IDENTIFIER = "Jonas-Rydenhag.$(PRODUCT_NAME:rfc1034identifier)";
				PRODUCT_NAME = "$(TARGET_NAME)";
				SWIFT_SWIFT3_OBJC_INFERENCE = Default;
				SWIFT_VERSION = 5.0;
			};
			name = Release;
		};
/* End XCBuildConfiguration section */

/* Begin XCConfigurationList section */
		DDB11406251F1D3500BB4A64 /* Build configuration list for PBXNativeTarget "PhotoMetaTests" */ = {
			isa = XCConfigurationList;
			buildConfigurations = (
				DDB11407251F1D3500BB4A64 /* Debug */,
				DDB11408251F1D3500BB4A64 /* Release */,
			);
			defaultConfigurationIsVisible = 0;
			defaultConfigurationName = Release;
		};
		DDBA79FE1B83E8B500CB49A3 /* Build configuration list for PBXProject "PhotoMeta" */ = {
			isa = XCConfigurationList;
			buildConfigurations = (
				DDBA7A1D1B83E8B500CB49A3 /* Debug */,
				DDBA7A1E1B83E8B500CB49A3 /* Release */,
			);
			defaultConfigurationIsVisible = 0;
			defaultConfigurationName = Release;
		};
		DDBA7A1F1B83E8B500CB49A3 /* Build configuration list for PBXNativeTarget "PhotoMeta" */ = {
			isa = XCConfigurationList;
			buildConfigurations = (
				DDBA7A201B83E8B500CB49A3 /* Debug */,
				DDBA7A211B83E8B500CB49A3 /* Release */,
			);
			defaultConfigurationIsVisible = 0;
			defaultConfigurationName = Release;
		};
/* End XCConfigurationList section */
	};
	rootObject = DDBA79FB1B83E8B500CB49A3 /* Project object */;
}
